<?xml version="1.0" encoding="UTF-8" standalone="yes" ?>
<CodeBlocks_project_file>
	<FileVersion major="1" minor="6" />
	<Project>
		<Option title="zad1" />
		<Option pch_mode="2" />
		<Option compiler="gcc" />
		<Option virtualFolders="Camera/;Ray/;RenderTarget/;Types/;Algorithms/;Types/Vertex/;Types/Vector/;Types/Matrix/;Types/Vertex/VertexArray/;Ray/Raycastable/;Triangle/;Light/;Antyalising/;Antyalising/Generator/;Antyalising/Distributor/;" />
		<Build>
			<Target title="Debug">
				<Option output="bin/Debug/zad1" prefix_auto="1" extension_auto="1" />
				<Option object_output="obj/Debug/" />
				<Option type="1" />
				<Option compiler="gcc" />
				<Compiler>
					<Add option="-std=c++11" />
					<Add option="-g" />
					<Add directory="include" />
				</Compiler>
			</Target>
			<Target title="Release">
				<Option output="bin/Release/zad1" prefix_auto="1" extension_auto="1" />
				<Option object_output="obj/Release/" />
				<Option type="1" />
				<Option compiler="gcc" />
				<Compiler>
					<Add option="-std=c++11" />
					<Add directory="include" />
				</Compiler>
				<Linker>
					<Add option="-s" />
				</Linker>
			</Target>
		</Build>
		<Compiler>
			<Add option="-march=corei7" />
			<Add option="-std=c++11" />
		</Compiler>
		<Linker>
			<Add option="-static-libgcc -static-libstdc++" />
		</Linker>
		<Unit filename="include/Camera.h">
			<Option virtualFolder="Camera/" />
		</Unit>
		<Unit filename="include/Colour.h">
			<Option virtualFolder="Types/" />
		</Unit>
		<Unit filename="include/DiskSampleDistributor.h">
			<Option virtualFolder="Antyalising/Distributor/" />
		</Unit>
		<Unit filename="include/ISampleDistributor.h">
			<Option virtualFolder="Antyalising/Distributor/" />
		</Unit>
		<Unit filename="include/ISampleGenerator.h">
			<Option virtualFolder="Antyalising/Generator/" />
		</Unit>
		<Unit filename="include/JitteredSampleGenerator.h">
			<Option virtualFolder="Antyalising/Generator/" />
		</Unit>
		<Unit filename="include/LightIntensity.h">
			<Option virtualFolder="Light/" />
		</Unit>
		<Unit filename="include/Matrix4.h">
			<Option virtualFolder="Types/Matrix/" />
		</Unit>
		<Unit filename="include/OrtagonalCamera.h">
			<Option virtualFolder="Camera/" />
		</Unit>
		<Unit filename="include/PerspectiveCamera.h">
			<Option virtualFolder="Camera/" />
		</Unit>
		<Unit filename="include/Plane.h">
			<Option virtualFolder="Ray/Raycastable/" />
		</Unit>
		<Unit filename="include/RandomSampleGenerator.h">
			<Option virtualFolder="Antyalising/Generator/" />
		</Unit>
		<Unit filename="include/Ray.h">
			<Option virtualFolder="Ray/" />
		</Unit>
		<Unit filename="include/RayTracer.h">
			<Option virtualFolder="Ray/" />
		</Unit>
		<Unit filename="include/Raycastable.h">
			<Option virtualFolder="Ray/Raycastable/" />
		</Unit>
		<Unit filename="include/RegularSampleGenerator.h">
			<Option virtualFolder="Antyalising/Generator/" />
		</Unit>
		<Unit filename="include/RenderTarget.h">
			<Option virtualFolder="RenderTarget/" />
		</Unit>
		<Unit filename="include/Sphere.h">
			<Option virtualFolder="Ray/Raycastable/" />
		</Unit>
		<Unit filename="include/SquareSampleDistributor.h">
			<Option virtualFolder="Antyalising/Distributor/" />
		</Unit>
		<Unit filename="include/Triangle.h">
			<Option virtualFolder="Triangle/" />
		</Unit>
		<Unit filename="include/Vector2.h">
			<Option virtualFolder="Types/Vector/" />
		</Unit>
		<Unit filename="include/Vector3.h">
			<Option virtualFolder="Types/Vector/" />
		</Unit>
		<Unit filename="include/Vector4.h">
			<Option virtualFolder="Types/Vector/" />
		</Unit>
		<Unit filename="include/Vertex2.h">
			<Option virtualFolder="Types/Vertex/" />
		</Unit>
		<Unit filename="include/Vertex3.h">
			<Option virtualFolder="Types/Vertex/" />
		</Unit>
		<Unit filename="include/VertexProcessor.h">
			<Option virtualFolder="RenderTarget/" />
		</Unit>
		<Unit filename="include/structs.hpp">
			<Option virtualFolder="Types/" />
		</Unit>
		<Unit filename="main.cpp" />
		<Unit filename="src/Camera.cpp">
			<Option virtualFolder="Camera/" />
		</Unit>
		<Unit filename="src/Colour.cpp">
			<Option virtualFolder="Types/" />
		</Unit>
		<Unit filename="src/DiskSampleDistributor.cpp">
			<Option virtualFolder="Antyalising/Distributor/" />
		</Unit>
		<Unit filename="src/ISampleDistributor.cpp">
			<Option virtualFolder="Antyalising/Distributor/" />
		</Unit>
		<Unit filename="src/JitteredSampleGenerator.cpp">
			<Option virtualFolder="Antyalising/Generator/" />
		</Unit>
		<Unit filename="src/LightIntensity.cpp">
			<Option virtualFolder="Light/" />
		</Unit>
		<Unit filename="src/Matrix4.cpp">
			<Option virtualFolder="Types/Matrix/" />
		</Unit>
		<Unit filename="src/OrtagonalCamera.cpp">
			<Option virtualFolder="Camera/" />
		</Unit>
		<Unit filename="src/PerspectiveCamera.cpp">
			<Option virtualFolder="Camera/" />
		</Unit>
		<Unit filename="src/Plane.cpp">
			<Option virtualFolder="Ray/Raycastable/" />
		</Unit>
		<Unit filename="src/RandomSampleGenerator.cpp">
			<Option virtualFolder="Antyalising/Generator/" />
		</Unit>
		<Unit filename="src/Ray.cpp">
			<Option virtualFolder="Ray/" />
		</Unit>
		<Unit filename="src/RayTracer.cpp">
			<Option virtualFolder="Ray/" />
		</Unit>
		<Unit filename="src/RegularSampleGenerator.cpp">
			<Option virtualFolder="Antyalising/Generator/" />
		</Unit>
		<Unit filename="src/RenderTarget.cpp">
			<Option virtualFolder="RenderTarget/" />
		</Unit>
		<Unit filename="src/Sphere.cpp">
			<Option virtualFolder="Ray/Raycastable/" />
		</Unit>
		<Unit filename="src/SquareSampleDistributor.cpp">
			<Option virtualFolder="Antyalising/Distributor/" />
		</Unit>
		<Unit filename="src/Triangle.cpp">
			<Option virtualFolder="Triangle/" />
		</Unit>
		<Unit filename="src/VertexProcessor.cpp">
			<Option virtualFolder="RenderTarget/" />
		</Unit>
		<Unit filename="src/algorithms.hpp">
			<Option virtualFolder="Algorithms/" />
		</Unit>
		<Extensions>
			<code_completion />
			<debugger />
			<envvars />
		</Extensions>
	</Project>
</CodeBlocks_project_file>
