<?xml version="1.0" encoding="UTF-8" standalone="yes" ?>
<CodeBlocks_project_file>
	<FileVersion major="1" minor="6" />
	<Project>
		<Option title="zad1" />
		<Option pch_mode="2" />
		<Option compiler="gcc" />
		<Option virtualFolders="Camera\;Ray\;RenderTarget\;Types\;Algorithms\;Types\Vertex\;Types\Vector\;Types\Matrix\;Types\Vertex\VertexArray\;Ray\Raycastable\;Antyalising\;Antyalising\Generator\;Antyalising\Distributor\;BRDF\;BRDF\Light\;BRDF\Material\;BRDF\Reflections\;Threads\;BRDF\Texture\;BRDF\Texture\Mapping\;" />
		<Build>
			<Target title="Debug">
				<Option output="bin/Debug/zad1" prefix_auto="1" extension_auto="1" />
				<Option object_output="obj/Debug/" />
				<Option type="1" />
				<Option compiler="gcc" />
				<Compiler>
					<Add option="-std=c++11" />
					<Add option="-g" />
					<Add directory="include" />
				</Compiler>
			</Target>
			<Target title="Release">
				<Option output="bin/Release/zad1" prefix_auto="1" extension_auto="1" />
				<Option object_output="obj/Release/" />
				<Option type="1" />
				<Option compiler="gcc" />
				<Compiler>
					<Add option="-std=c++11" />
					<Add directory="include" />
				</Compiler>
				<Linker>
					<Add option="-s" />
				</Linker>
			</Target>
		</Build>
		<Compiler>
			<Add option="-march=corei7" />
			<Add option="-std=c++11" />
		</Compiler>
		<Linker>
			<Add option="-static-libgcc -static-libstdc++" />
		</Linker>
		<Unit filename="include/AdaptiveSampleGenerator.h">
			<Option virtualFolder="Antyalising/Generator/" />
		</Unit>
		<Unit filename="include/Ambient.h">
			<Option virtualFolder="BRDF/Light/" />
		</Unit>
		<Unit filename="include/BRDF.h">
			<Option virtualFolder="BRDF/" />
		</Unit>
		<Unit filename="include/Box.h">
			<Option virtualFolder="Ray/Raycastable/" />
		</Unit>
		<Unit filename="include/Camera.h">
			<Option virtualFolder="Camera/" />
		</Unit>
		<Unit filename="include/CheckCPU.h">
			<Option virtualFolder="Threads/" />
		</Unit>
		<Unit filename="include/Colour.h">
			<Option virtualFolder="Types/" />
		</Unit>
		<Unit filename="include/ConstColour.h">
			<Option virtualFolder="BRDF/Texture/" />
		</Unit>
		<Unit filename="include/DirectionalLight.h">
			<Option virtualFolder="BRDF/Light/" />
		</Unit>
		<Unit filename="include/DiskSampleDistributor.h">
			<Option virtualFolder="Antyalising/Distributor/" />
		</Unit>
		<Unit filename="include/FileLoader.h">
			<Option virtualFolder="Types/" />
		</Unit>
		<Unit filename="include/GlossySpecular.h">
			<Option virtualFolder="BRDF/Reflections/" />
		</Unit>
		<Unit filename="include/ILight.h">
			<Option virtualFolder="BRDF/Light/" />
		</Unit>
		<Unit filename="include/IMapping.h">
			<Option virtualFolder="BRDF/Texture/Mapping/" />
		</Unit>
		<Unit filename="include/IMaterial.h">
			<Option virtualFolder="BRDF/Material/" />
		</Unit>
		<Unit filename="include/ISampleDistributor.h">
			<Option virtualFolder="Antyalising/Distributor/" />
		</Unit>
		<Unit filename="include/ISampleGenerator.h">
			<Option virtualFolder="Antyalising/Generator/" />
		</Unit>
		<Unit filename="include/Image.h">
			<Option virtualFolder="BRDF/Texture/" />
		</Unit>
		<Unit filename="include/ImageTexture.h">
			<Option virtualFolder="BRDF/Texture/" />
		</Unit>
		<Unit filename="include/Info.h">
			<Option virtualFolder="Ray/" />
		</Unit>
		<Unit filename="include/JitteredSampleGenerator.h">
			<Option virtualFolder="Antyalising/Generator/" />
		</Unit>
		<Unit filename="include/Lambertian.h">
			<Option virtualFolder="BRDF/Reflections/" />
		</Unit>
		<Unit filename="include/Matrix4.h">
			<Option virtualFolder="Types/Matrix/" />
		</Unit>
		<Unit filename="include/MatteMaterial.h">
			<Option virtualFolder="BRDF/Material/" />
		</Unit>
		<Unit filename="include/Mesh.h">
			<Option virtualFolder="Ray/Raycastable/" />
		</Unit>
		<Unit filename="include/MultiJitteringSampleGenerator.h">
			<Option virtualFolder="Antyalising/Generator/" />
		</Unit>
		<Unit filename="include/OrtagonalCamera.h">
			<Option virtualFolder="Camera/" />
		</Unit>
		<Unit filename="include/PerfectSpecular.h">
			<Option virtualFolder="BRDF/Reflections/" />
		</Unit>
		<Unit filename="include/PerspectiveCamera.h">
			<Option virtualFolder="Camera/" />
		</Unit>
		<Unit filename="include/PhongMaterial.h">
			<Option virtualFolder="BRDF/Material/" />
		</Unit>
		<Unit filename="include/Plane.h">
			<Option virtualFolder="Ray/Raycastable/" />
		</Unit>
		<Unit filename="include/PointLight.h">
			<Option virtualFolder="BRDF/Light/" />
		</Unit>
		<Unit filename="include/RandomSampleGenerator.h">
			<Option virtualFolder="Antyalising/Generator/" />
		</Unit>
		<Unit filename="include/Ray.h">
			<Option virtualFolder="Ray/" />
		</Unit>
		<Unit filename="include/RayTracer.h">
			<Option virtualFolder="Ray/" />
		</Unit>
		<Unit filename="include/RayTriangle.h">
			<Option virtualFolder="Ray/Raycastable/" />
		</Unit>
		<Unit filename="include/Raycastable.h">
			<Option virtualFolder="Ray/Raycastable/" />
		</Unit>
		<Unit filename="include/RegularSampleGenerator.h">
			<Option virtualFolder="Antyalising/Generator/" />
		</Unit>
		<Unit filename="include/RenderTarget.h">
			<Option virtualFolder="RenderTarget/" />
		</Unit>
		<Unit filename="include/Sampler.h">
			<Option virtualFolder="Antyalising/" />
		</Unit>
		<Unit filename="include/SpericalMapping.h">
			<Option virtualFolder="BRDF/Texture/Mapping/" />
		</Unit>
		<Unit filename="include/Sphere.h">
			<Option virtualFolder="Ray/Raycastable/" />
		</Unit>
		<Unit filename="include/SquareSampleDistributor.h">
			<Option virtualFolder="Antyalising/Distributor/" />
		</Unit>
		<Unit filename="include/Texture.h">
			<Option virtualFolder="BRDF/Texture/" />
		</Unit>
		<Unit filename="include/TextureLambertian.h">
			<Option virtualFolder="BRDF/Texture/" />
		</Unit>
		<Unit filename="include/TextureMatte.h">
			<Option virtualFolder="BRDF/Texture/" />
		</Unit>
		<Unit filename="include/Vector2.h">
			<Option virtualFolder="Types/Vector/" />
		</Unit>
		<Unit filename="include/Vector3.h">
			<Option virtualFolder="Types/Vector/" />
		</Unit>
		<Unit filename="include/Vector4.h">
			<Option virtualFolder="Types/Vector/" />
		</Unit>
		<Unit filename="include/Vertex2.h">
			<Option virtualFolder="Types/Vertex/" />
		</Unit>
		<Unit filename="include/Vertex3.h">
			<Option virtualFolder="Types/Vertex/" />
		</Unit>
		<Unit filename="include/structs.hpp">
			<Option virtualFolder="Types/" />
		</Unit>
		<Unit filename="main.cpp" />
		<Unit filename="src/AdaptiveSampleGenerator.cpp">
			<Option virtualFolder="Antyalising/Generator/" />
		</Unit>
		<Unit filename="src/Ambient.cpp">
			<Option virtualFolder="BRDF/Light/" />
		</Unit>
		<Unit filename="src/BRDF.cpp">
			<Option virtualFolder="BRDF/" />
		</Unit>
		<Unit filename="src/Box.cpp">
			<Option virtualFolder="Ray/Raycastable/" />
		</Unit>
		<Unit filename="src/Camera.cpp">
			<Option virtualFolder="Camera/" />
		</Unit>
		<Unit filename="src/CheckCPU.cpp">
			<Option virtualFolder="Threads/" />
		</Unit>
		<Unit filename="src/Colour.cpp">
			<Option virtualFolder="Types/" />
		</Unit>
		<Unit filename="src/ConstColour.cpp">
			<Option virtualFolder="BRDF/Texture/" />
		</Unit>
		<Unit filename="src/DirectionalLight.cpp">
			<Option virtualFolder="BRDF/Light/" />
		</Unit>
		<Unit filename="src/DiskSampleDistributor.cpp">
			<Option virtualFolder="Antyalising/Distributor/" />
		</Unit>
		<Unit filename="src/FileLoader.cpp">
			<Option virtualFolder="Types/" />
		</Unit>
		<Unit filename="src/GlossySpecular.cpp">
			<Option virtualFolder="BRDF/Reflections/" />
		</Unit>
		<Unit filename="src/ILight.cpp">
			<Option virtualFolder="BRDF/Light/" />
		</Unit>
		<Unit filename="src/IMapping.cpp">
			<Option virtualFolder="BRDF/Texture/Mapping/" />
		</Unit>
		<Unit filename="src/IMaterial.cpp">
			<Option virtualFolder="BRDF/Material/" />
		</Unit>
		<Unit filename="src/ISampleDistributor.cpp">
			<Option virtualFolder="Antyalising/Distributor/" />
		</Unit>
		<Unit filename="src/Image.cpp">
			<Option virtualFolder="BRDF/Texture/" />
		</Unit>
		<Unit filename="src/ImageTexture.cpp">
			<Option virtualFolder="BRDF/Texture/" />
		</Unit>
		<Unit filename="src/Info.cpp">
			<Option virtualFolder="Ray/" />
		</Unit>
		<Unit filename="src/JitteredSampleGenerator.cpp">
			<Option virtualFolder="Antyalising/Generator/" />
		</Unit>
		<Unit filename="src/Lambertian.cpp">
			<Option virtualFolder="BRDF/Reflections/" />
		</Unit>
		<Unit filename="src/Matrix4.cpp">
			<Option virtualFolder="Types/Matrix/" />
		</Unit>
		<Unit filename="src/MatteMaterial.cpp">
			<Option virtualFolder="BRDF/Material/" />
		</Unit>
		<Unit filename="src/Mesh.cpp">
			<Option virtualFolder="Ray/Raycastable/" />
		</Unit>
		<Unit filename="src/MultiJitteringSampleGenerator.cpp">
			<Option virtualFolder="Antyalising/Generator/" />
		</Unit>
		<Unit filename="src/OrtagonalCamera.cpp">
			<Option virtualFolder="Camera/" />
		</Unit>
		<Unit filename="src/PerfectSpecular.cpp">
			<Option virtualFolder="BRDF/Reflections/" />
		</Unit>
		<Unit filename="src/PerspectiveCamera.cpp">
			<Option virtualFolder="Camera/" />
		</Unit>
		<Unit filename="src/PhongMaterial.cpp">
			<Option virtualFolder="BRDF/Material/" />
		</Unit>
		<Unit filename="src/Plane.cpp">
			<Option virtualFolder="Ray/Raycastable/" />
		</Unit>
		<Unit filename="src/PointLight.cpp">
			<Option virtualFolder="BRDF/Light/" />
		</Unit>
		<Unit filename="src/RandomSampleGenerator.cpp">
			<Option virtualFolder="Antyalising/Generator/" />
		</Unit>
		<Unit filename="src/Ray.cpp">
			<Option virtualFolder="Ray/" />
		</Unit>
		<Unit filename="src/RayTracer.cpp">
			<Option virtualFolder="Ray/" />
		</Unit>
		<Unit filename="src/RayTriangle.cpp">
			<Option virtualFolder="Ray/Raycastable/" />
		</Unit>
		<Unit filename="src/RegularSampleGenerator.cpp">
			<Option virtualFolder="Antyalising/Generator/" />
		</Unit>
		<Unit filename="src/RenderTarget.cpp">
			<Option virtualFolder="RenderTarget/" />
		</Unit>
		<Unit filename="src/Sampler.cpp">
			<Option virtualFolder="Antyalising/" />
		</Unit>
		<Unit filename="src/SpericalMapping.cpp">
			<Option virtualFolder="BRDF/Texture/Mapping/" />
		</Unit>
		<Unit filename="src/Sphere.cpp">
			<Option virtualFolder="Ray/Raycastable/" />
		</Unit>
		<Unit filename="src/SquareSampleDistributor.cpp">
			<Option virtualFolder="Antyalising/Distributor/" />
		</Unit>
		<Unit filename="src/Texture.cpp">
			<Option virtualFolder="BRDF/Texture/" />
		</Unit>
		<Unit filename="src/TextureLambertian.cpp">
			<Option virtualFolder="BRDF/Texture/" />
		</Unit>
		<Unit filename="src/TextureMatte.cpp">
			<Option virtualFolder="BRDF/Texture/" />
		</Unit>
		<Unit filename="src/algorithms.hpp">
			<Option virtualFolder="Algorithms/" />
		</Unit>
		<Extensions>
			<code_completion />
			<debugger />
			<envvars />
			<DoxyBlocks>
				<comment_style block="0" line="0" />
				<doxyfile_project />
				<doxyfile_build />
				<doxyfile_warnings />
				<doxyfile_output />
				<doxyfile_dot class_diagrams="1" />
				<general />
			</DoxyBlocks>
			<wxsmith version="1">
				<gui name="wxWidgets" src="" main="" init_handlers="necessary" language="CPP" />
				<resources>
					<wxFrame wxs="wxsmith/NewFrame.wxs" src="NewFrame.cpp" hdr="NewFrame.h" fwddecl="0" i18n="1" name="NewFrame" language="CPP" />
				</resources>
			</wxsmith>
		</Extensions>
	</Project>
</CodeBlocks_project_file>
